// !$*UTF8*$!
{
	archiveVersion = 1;
	classes = {
	};
	objectVersion = 46;
	objects = {

/* Begin PBXBuildFile section */
		146A76641A73B55D00EE90A4 /* AlbertEinsteinStamp.jpg in Resources */ = {isa = PBXBuildFile; fileRef = 146A76631A73B55D00EE90A4 /* AlbertEinsteinStamp.jpg */; };
		14D2C2371A7194810043A678 /* AppDelegate.swift in Sources */ = {isa = PBXBuildFile; fileRef = 14D2C2361A7194810043A678 /* AppDelegate.swift */; };
		14D2C2391A7194820043A678 /* ViewController.swift in Sources */ = {isa = PBXBuildFile; fileRef = 14D2C2381A7194820043A678 /* ViewController.swift */; };
		14D2C23C1A7194820043A678 /* Main.storyboard in Resources */ = {isa = PBXBuildFile; fileRef = 14D2C23A1A7194820043A678 /* Main.storyboard */; };
		14D2C23E1A7194820043A678 /* Images.xcassets in Resources */ = {isa = PBXBuildFile; fileRef = 14D2C23D1A7194820043A678 /* Images.xcassets */; };
		14D2C2411A7194820043A678 /* LaunchScreen.xib in Resources */ = {isa = PBXBuildFile; fileRef = 14D2C23F1A7194820043A678 /* LaunchScreen.xib */; };
		14D2C24D1A7194820043A678 /* PostcardTests.swift in Sources */ = {isa = PBXBuildFile; fileRef = 14D2C24C1A7194820043A678 /* PostcardTests.swift */; };
		14D2C2571A719B3F0043A678 /* SagradaFamilia.jpeg in Resources */ = {isa = PBXBuildFile; fileRef = 14D2C2561A719B3F0043A678 /* SagradaFamilia.jpeg */; };
/* End PBXBuildFile section */

/* Begin PBXContainerItemProxy section */
		14D2C2471A7194820043A678 /* PBXContainerItemProxy */ = {
			isa = PBXContainerItemProxy;
			containerPortal = 14D2C2291A7194810043A678 /* Project object */;
			proxyType = 1;
			remoteGlobalIDString = 14D2C2301A7194810043A678;
			remoteInfo = Postcard;
		};
/* End PBXContainerItemProxy section */

/* Begin PBXFileReference section */
		146A76631A73B55D00EE90A4 /* AlbertEinsteinStamp.jpg */ = {isa = PBXFileReference; lastKnownFileType = image.jpeg; path = AlbertEinsteinStamp.jpg; sourceTree = "<group>"; };
		14D2C2311A7194810043A678 /* Postcard.app */ = {isa = PBXFileReference; explicitFileType = wrapper.application; includeInIndex = 0; path = Postcard.app; sourceTree = BUILT_PRODUCTS_DIR; };
		14D2C2351A7194810043A678 /* Info.plist */ = {isa = PBXFileReference; lastKnownFileType = text.plist.xml; path = Info.plist; sourceTree = "<group>"; };
		14D2C2361A7194810043A678 /* AppDelegate.swift */ = {isa = PBXFileReference; lastKnownFileType = sourcecode.swift; path = AppDelegate.swift; sourceTree = "<group>"; };
		14D2C2381A7194820043A678 /* ViewController.swift */ = {isa = PBXFileReference; lastKnownFileType = sourcecode.swift; path = ViewController.swift; sourceTree = "<group>"; };
		14D2C23B1A7194820043A678 /* Base */ = {isa = PBXFileReference; lastKnownFileType = file.storyboard; name = Base; path = Base.lproj/Main.storyboard; sourceTree = "<group>"; };
		14D2C23D1A7194820043A678 /* Images.xcassets */ = {isa = PBXFileReference; lastKnownFileType = folder.assetcatalog; path = Images.xcassets; sourceTree = "<group>"; };
		14D2C2401A7194820043A678 /* Base */ = {isa = PBXFileReference; lastKnownFileType = file.xib; name = Base; path = Base.lproj/LaunchScreen.xib; sourceTree = "<group>"; };
		14D2C2461A7194820043A678 /* PostcardTests.xctest */ = {isa = PBXFileReference; explicitFileType = wrapper.cfbundle; includeInIndex = 0; path = PostcardTests.xctest; sourceTree = BUILT_PRODUCTS_DIR; };
		14D2C24B1A7194820043A678 /* Info.plist */ = {isa = PBXFileReference; lastKnownFileType = text.plist.xml; path = Info.plist; sourceTree = "<group>"; };
		14D2C24C1A7194820043A678 /* PostcardTests.swift */ = {isa = PBXFileReference; lastKnownFileType = sourcecode.swift; path = PostcardTests.swift; sourceTree = "<group>"; };
		14D2C2561A719B3F0043A678 /* SagradaFamilia.jpeg */ = {isa = PBXFileReference; lastKnownFileType = image.jpeg; path = SagradaFamilia.jpeg; sourceTree = "<group>"; };
/* End PBXFileReference section */

/* Begin PBXFrameworksBuildPhase section */
		14D2C22E1A7194810043A678 /* Frameworks */ = {
			isa = PBXFrameworksBuildPhase;
			buildActionMask = 2147483647;
			files = (
			);
			runOnlyForDeploymentPostprocessing = 0;
		};
		14D2C2431A7194820043A678 /* Frameworks */ = {
			isa = PBXFrameworksBuildPhase;
			buildActionMask = 2147483647;
			files = (
			);
			runOnlyForDeploymentPostprocessing = 0;
		};
/* End PBXFrameworksBuildPhase section */

/* Begin PBXGroup section */
		14D2C2281A7194810043A678 = {
			isa = PBXGroup;
			children = (
				14D2C2331A7194810043A678 /* Postcard */,
				14D2C2491A7194820043A678 /* PostcardTests */,
				14D2C2321A7194810043A678 /* Products */,
			);
			sourceTree = "<group>";
		};
		14D2C2321A7194810043A678 /* Products */ = {
			isa = PBXGroup;
			children = (
				14D2C2311A7194810043A678 /* Postcard.app */,
				14D2C2461A7194820043A678 /* PostcardTests.xctest */,
			);
			name = Products;
			sourceTree = "<group>";
		};
		14D2C2331A7194810043A678 /* Postcard */ = {
			isa = PBXGroup;
			children = (
				14D2C2361A7194810043A678 /* AppDelegate.swift */,
				14D2C2381A7194820043A678 /* ViewController.swift */,
				14D2C23A1A7194820043A678 /* Main.storyboard */,
				14D2C23D1A7194820043A678 /* Images.xcassets */,
				14D2C23F1A7194820043A678 /* LaunchScreen.xib */,
				14D2C2341A7194810043A678 /* Supporting Files */,
			);
			path = Postcard;
			sourceTree = "<group>";
		};
		14D2C2341A7194810043A678 /* Supporting Files */ = {
			isa = PBXGroup;
			children = (
				146A76631A73B55D00EE90A4 /* AlbertEinsteinStamp.jpg */,
				14D2C2561A719B3F0043A678 /* SagradaFamilia.jpeg */,
				14D2C2351A7194810043A678 /* Info.plist */,
			);
			name = "Supporting Files";
			sourceTree = "<group>";
		};
		14D2C2491A7194820043A678 /* PostcardTests */ = {
			isa = PBXGroup;
			children = (
				14D2C24C1A7194820043A678 /* PostcardTests.swift */,
				14D2C24A1A7194820043A678 /* Supporting Files */,
			);
			path = PostcardTests;
			sourceTree = "<group>";
		};
		14D2C24A1A7194820043A678 /* Supporting Files */ = {
			isa = PBXGroup;
			children = (
				14D2C24B1A7194820043A678 /* Info.plist */,
			);
			name = "Supporting Files";
			sourceTree = "<group>";
		};
/* End PBXGroup section */

/* Begin PBXNativeTarget section */
		14D2C2301A7194810043A678 /* Postcard */ = {
			isa = PBXNativeTarget;
			buildConfigurationList = 14D2C2501A7194820043A678 /* Build configuration list for PBXNativeTarget "Postcard" */;
			buildPhases = (
				14D2C22D1A7194810043A678 /* Sources */,
				14D2C22E1A7194810043A678 /* Frameworks */,
				14D2C22F1A7194810043A678 /* Resources */,
			);
			buildRules = (
			);
			dependencies = (
			);
			name = Postcard;
			productName = Postcard;
			productReference = 14D2C2311A7194810043A678 /* Postcard.app */;
			productType = "com.apple.product-type.application";
		};
		14D2C2451A7194820043A678 /* PostcardTests */ = {
			isa = PBXNativeTarget;
			buildConfigurationList = 14D2C2531A7194820043A678 /* Build configuration list for PBXNativeTarget "PostcardTests" */;
			buildPhases = (
				14D2C2421A7194820043A678 /* Sources */,
				14D2C2431A7194820043A678 /* Frameworks */,
				14D2C2441A7194820043A678 /* Resources */,
			);
			buildRules = (
			);
			dependencies = (
				14D2C2481A7194820043A678 /* PBXTargetDependency */,
			);
			name = PostcardTests;
			productName = PostcardTests;
			productReference = 14D2C2461A7194820043A678 /* PostcardTests.xctest */;
			productType = "com.apple.product-type.bundle.unit-test";
		};
/* End PBXNativeTarget section */

/* Begin PBXProject section */
		14D2C2291A7194810043A678 /* Project object */ = {
			isa = PBXProject;
			attributes = {
				LastUpgradeCheck = 0610;
				ORGANIZATIONNAME = "Ben Blanchard";
				TargetAttributes = {
					14D2C2301A7194810043A678 = {
						CreatedOnToolsVersion = 6.1.1;
					};
					14D2C2451A7194820043A678 = {
						CreatedOnToolsVersion = 6.1.1;
						TestTargetID = 14D2C2301A7194810043A678;
					};
				};
			};
			buildConfigurationList = 14D2C22C1A7194810043A678 /* Build configuration list for PBXProject "Postcard" */;
			compatibilityVersion = "Xcode 3.2";
			developmentRegion = English;
			hasScannedForEncodings = 0;
			knownRegions = (
				en,
				Base,
			);
			mainGroup = 14D2C2281A7194810043A678;
			productRefGroup = 14D2C2321A7194810043A678 /* Products */;
			projectDirPath = "";
			projectRoot = "";
			targets = (
				14D2C2301A7194810043A678 /* Postcard */,
				14D2C2451A7194820043A678 /* PostcardTests */,
			);
		};
/* End PBXProject section */

/* Begin PBXResourcesBuildPhase section */
		14D2C22F1A7194810043A678 /* Resources */ = {
			isa = PBXResourcesBuildPhase;
			buildActionMask = 2147483647;
			files = (
				14D2C23C1A7194820043A678 /* Main.storyboard in Resources */,
				14D2C2571A719B3F0043A678 /* SagradaFamilia.jpeg in Resources */,
				146A76641A73B55D00EE90A4 /* AlbertEinsteinStamp.jpg in Resources */,
				14D2C2411A7194820043A678 /* LaunchScreen.xib in Resources */,
				14D2C23E1A7194820043A678 /* Images.xcassets in Resources */,
			);
			runOnlyForDeploymentPostprocessing = 0;
		};
		14D2C2441A7194820043A678 /* Resources */ = {
			isa = PBXResourcesBuildPhase;
			buildActionMask = 2147483647;
			files = (
			);
			runOnlyForDeploymentPostprocessing = 0;
		};
/* End PBXResourcesBuildPhase section */

/* Begin PBXSourcesBuildPhase section */
		14D2C22D1A7194810043A678 /* Sources */ = {
			isa = PBXSourcesBuildPhase;
			buildActionMask = 2147483647;
			files = (
				14D2C2391A7194820043A678 /* ViewController.swift in Sources */,
				14D2C2371A7194810043A678 /* AppDelegate.swift in Sources */,
			);
			runOnlyForDeploymentPostprocessing = 0;
		};
		14D2C2421A7194820043A678 /* Sources */ = {
			isa = PBXSourcesBuildPhase;
			buildActionMask = 2147483647;
			files = (
				14D2C24D1A7194820043A678 /* PostcardTests.swift in Sources */,
			);
			runOnlyForDeploymentPostprocessing = 0;
		};
/* End PBXSourcesBuildPhase section */

/* Begin PBXTargetDependency section */
		14D2C2481A7194820043A678 /* PBXTargetDependency */ = {
			isa = PBXTargetDependency;
			target = 14D2C2301A7194810043A678 /* Postcard */;
			targetProxy = 14D2C2471A7194820043A678 /* PBXContainerItemProxy */;
		};
/* End PBXTargetDependency section */

/* Begin PBXVariantGroup section */
		14D2C23A1A7194820043A678 /* Main.storyboard */ = {
			isa = PBXVariantGroup;
			children = (
				14D2C23B1A7194820043A678 /* Base */,
			);
			name = Main.storyboard;
			sourceTree = "<group>";
		};
		14D2C23F1A7194820043A678 /* LaunchScreen.xib */ = {
			isa = PBXVariantGroup;
			children = (
				14D2C2401A7194820043A678 /* Base */,
			);
			name = LaunchScreen.xib;
			sourceTree = "<group>";
		};
/* End PBXVariantGroup section */

/* Begin XCBuildConfiguration section */
		14D2C24E1A7194820043A678 /* Debug */ = {
			isa = XCBuildConfiguration;
			buildSettings = {
				ALWAYS_SEARCH_USER_PATHS = NO;
				CLANG_CXX_LANGUAGE_STANDARD = "gnu++0x";
				CLANG_CXX_LIBRARY = "libc++";
				CLANG_ENABLE_MODULES = YES;
				CLANG_ENABLE_OBJC_ARC = YES;
				CLANG_WARN_BOOL_CONVERSION = YES;
				CLANG_WARN_CONSTANT_CONVERSION = YES;
				CLANG_WARN_DIRECT_OBJC_ISA_USAGE = YES_ERROR;
				CLANG_WARN_EMPTY_BODY = YES;
				CLANG_WARN_ENUM_CONVERSION = YES;
				CLANG_WARN_INT_CONVERSION = YES;
				CLANG_WARN_OBJC_ROOT_CLASS = YES_ERROR;
				CLANG_WARN_UNREACHABLE_CODE = YES;
				CLANG_WARN__DUPLICATE_METHOD_MATCH = YES;
				"CODE_SIGN_IDENTITY[sdk=iphoneos*]" = "iPhone Developer";
				COPY_PHASE_STRIP = NO;
				ENABLE_STRICT_OBJC_MSGSEND = YES;
				GCC_C_LANGUAGE_STANDARD = gnu99;
				GCC_DYNAMIC_NO_PIC = NO;
				GCC_OPTIMIZATION_LEVEL = 0;
				GCC_PREPROCESSOR_DEFINITIONS = (
					"DEBUG=1",
					"$(inherited)",
				);
				GCC_SYMBOLS_PRIVATE_EXTERN = NO;
				GCC_WARN_64_TO_32_BIT_CONVERSION = YES;
				GCC_WARN_ABOUT_RETURN_TYPE = YES_ERROR;
				GCC_WARN_UNDECLARED_SELECTOR = YES;
				GCC_WARN_UNINITIALIZED_AUTOS = YES_AGGRESSIVE;
				GCC_WARN_UNUSED_FUNCTION = YES;
				GCC_WARN_UNUSED_VARIABLE = YES;
				IPHONEOS_DEPLOYMENT_TARGET = 8.1;
				MTL_ENABLE_DEBUG_INFO = YES;
				ONLY_ACTIVE_ARCH = YES;
				SDKROOT = iphoneos;
				SWIFT_OPTIMIZATION_LEVEL = "-Onone";
				TARGETED_DEVICE_FAMILY = "1,2";
			};
			name = Debug;
		};
		14D2C24F1A7194820043A678 /* Release */ = {
			isa = XCBuildConfiguration;
			buildSettings = {
				ALWAYS_SEARCH_USER_PATHS = NO;
				CLANG_CXX_LANGUAGE_STANDARD = "gnu++0x";
				CLANG_CXX_LIBRARY = "libc++";
				CLANG_ENABLE_MODULES = YES;
				CLANG_ENABLE_OBJC_ARC = YES;
				CLANG_WARN_BOOL_CONVERSION = YES;
				CLANG_WARN_CONSTANT_CONVERSION = YES;
				CLANG_WARN_DIRECT_OBJC_ISA_USAGE = YES_ERROR;
				CLANG_WARN_EMPTY_BODY = YES;
				CLANG_WARN_ENUM_CONVERSION = YES;
				CLANG_WARN_INT_CONVERSION = YES;
				CLANG_WARN_OBJC_ROOT_CLASS = YES_ERROR;
				CLANG_WARN_UNREACHABLE_CODE = YES;
				CLANG_WARN__DUPLICATE_METHOD_MATCH = YES;
				"CODE_SIGN_IDENTITY[sdk=iphoneos*]" = "iPhone Developer";
				COPY_PHASE_STRIP = YES;
				ENABLE_NS_ASSERTIONS = NO;
				ENABLE_STRICT_OBJC_MSGSEND = YES;
				GCC_C_LANGUAGE_STANDARD = gnu99;
				GCC_WARN_64_TO_32_BIT_CONVERSION = YES;
				GCC_WARN_ABOUT_RETURN_TYPE = YES_ERROR;
				GCC_WARN_UNDECLARED_SELECTOR = YES;
				GCC_WARN_UNINITIALIZED_AUTOS = YES_AGGRESSIVE;
				GCC_WARN_UNUSED_FUNCTION = YES;
				GCC_WARN_UNUSED_VARIABLE = YES;
				IPHONEOS_DEPLOYMENT_TARGET = 8.1;
				MTL_ENABLE_DEBUG_INFO = NO;
				SDKROOT = iphoneos;
				TARGETED_DEVICE_FAMILY = "1,2";
				VALIDATE_PRODUCT = YES;
			};
			name = Release;
		};
		14D2C2511A7194820043A678 /* Debug */ = {
			isa = XCBuildConfiguration;
			buildSettings = {
				ASSETCATALOG_COMPILER_APPICON_NAME = AppIcon;
				INFOPLIST_FILE = Postcard/Info.plist;
				LD_RUNPATH_SEARCH_PATHS = "$(inherited) @executable_path/Frameworks";
				PRODUCT_NAME = "$(TARGET_NAME)";
			};
			name = Debug;
		};
		14D2C2521A7194820043A678 /* Release */ = {
			isa = XCBuildConfiguration;
			buildSettings = {
				ASSETCATALOG_COMPILER_APPICON_NAME = AppIcon;
				INFOPLIST_FILE = Postcard/Info.plist;
				LD_RUNPATH_SEARCH_PATHS = "$(inherited) @executable_path/Frameworks";
				PRODUCT_NAME = "$(TARGET_NAME)";
			};
			name = Release;
		};
		14D2C2541A7194820043A678 /* Debug */ = {
			isa = XCBuildConfiguration;
			buildSettings = {
				BUNDLE_LOADER = "$(TEST_HOST)";
				FRAMEWORK_SEARCH_PATHS = (
					"$(SDKROOT)/Developer/Library/Frameworks",
					"$(inherited)",
				);
				GCC_PREPROCESSOR_DEFINITIONS = (
					"DEBUG=1",
					"$(inherited)",
				);
				INFOPLIST_FILE = PostcardTests/Info.plist;
				LD_RUNPATH_SEARCH_PATHS = "$(inherited) @executable_path/Frameworks @loader_path/Frameworks";
				PRODUCT_NAME = "$(TARGET_NAME)";
				TEST_HOST = "$(BUILT_PRODUCTS_DIR)/Postcard.app/Postcard";
			};
			name = Debug;
		};
		14D2C2551A7194820043A678 /* Release */ = {
			isa = XCBuildConfiguration;
			buildSettings = {
				BUNDLE_LOADER = "$(TEST_HOST)";
				FRAMEWORK_SEARCH_PATHS = (
					"$(SDKROOT)/Developer/Library/Frameworks",
					"$(inherited)",
				);
				INFOPLIST_FILE = PostcardTests/Info.plist;
				LD_RUNPATH_SEARCH_PATHS = "$(inherited) @executable_path/Frameworks @loader_path/Frameworks";
				PRODUCT_NAME = "$(TARGET_NAME)";
				TEST_HOST = "$(BUILT_PRODUCTS_DIR)/Postcard.app/Postcard";
			};
			name = Release;
		};
/* End XCBuildConfiguration section */

/* Begin XCConfigurationList section */
		14D2C22C1A7194810043A678 /* Build configuration list for PBXProject "Postcard" */ = {
			isa = XCConfigurationList;
			buildConfigurations = (
				14D2C24E1A7194820043A678 /* Debug */,
				14D2C24F1A7194820043A678 /* Release */,
			);
			defaultConfigurationIsVisible = 0;
			defaultConfigurationName = Release;
		};
		14D2C2501A7194820043A678 /* Build configuration list for PBXNativeTarget "Postcard" */ = {
			isa = XCConfigurationList;
			buildConfigurations = (
				14D2C2511A7194820043A678 /* Debug */,
				14D2C2521A7194820043A678 /* Release */,
			);
			defaultConfigurationIsVisible = 0;
			defaultConfigurationName = Release;
		};
		14D2C2531A7194820043A678 /* Build configuration list for PBXNativeTarget "PostcardTests" */ = {
			isa = XCConfigurationList;
			buildConfigurations = (
				14D2C2541A7194820043A678 /* Debug */,
				14D2C2551A7194820043A678 /* Release */,
			);
			defaultConfigurationIsVisible = 0;
			defaultConfigurationName = Release;
		};
/* End XCConfigurationList section */
	};
	rootObject = 14D2C2291A7194810043A678 /* Project object */;
}
